
Microsoft Visual Studio Solution File, Format Version 12.00
# Visual Studio Version 16
VisualStudioVersion = 16.0.31129.286
MinimumVisualStudioVersion = 10.0.40219.1
Project("{FAE04EC0-301F-11D3-BF4B-00C04F79EFBC}") = "CMS", "CMS.csproj", "{470ADDC6-E997-49FD-AA01-825D3D779088}"
EndProject
Global
	GlobalSection(SolutionConfigurationPlatforms) = preSolution
		Debug|Any CPU = Debug|Any CPU
		Release|Any CPU = Release|Any CPU
	EndGlobalSection
	GlobalSection(ProjectConfigurationPlatforms) = postSolution
		{470ADDC6-E997-49FD-AA01-825D3D779088}.Debug|Any CPU.ActiveCfg = Debug|Any CPU
		{470ADDC6-E997-49FD-AA01-825D3D779088}.Debug|Any CPU.Build.0 = Debug|Any CPU
		{470ADDC6-E997-49FD-AA01-825D3D779088}.Release|Any CPU.ActiveCfg = Release|Any CPU
		{470ADDC6-E997-49FD-AA01-825D3D779088}.Release|Any CPU.Build.0 = Release|Any CPU
	EndGlobalSection
	GlobalSection(SolutionProperties) = preSolution
		HideSolutionNode = FALSE
	EndGlobalSection
	GlobalSection(ExtensibilityGlobals) = postSolution
		SolutionGuid = {8BBC673B-6F4E-4DE0-93AB-8311A0F43D1B}
	EndGlobalSection
EndGlobal
